<?xml version="1.0" encoding="UTF-8" standalone="yes" ?>
<CodeBlocks_project_file>
	<FileVersion major="1" minor="6" />
	<Project>
		<Option title="BattleShips" />
		<Option pch_mode="2" />
		<Option compiler="gcc" />
		<Build>
			<Target title="Debug">
				<Option output="bin/Debug/BattleShips" prefix_auto="1" extension_auto="1" />
				<Option object_output="obj/Debug/" />
				<Option type="1" />
				<Option compiler="gcc" />
				<Compiler>
					<Add option="-g" />
					<Add directory="include" />
				</Compiler>
			</Target>
			<Target title="Release">
				<Option output="bin/Release/BattleShips" prefix_auto="1" extension_auto="1" />
				<Option object_output="obj/Release/" />
				<Option type="1" />
				<Option compiler="gcc" />
				<Compiler>
					<Add option="-O2" />
					<Add directory="include" />
				</Compiler>
				<Linker>
					<Add option="-s" />
				</Linker>
			</Target>
		</Build>
		<Compiler>
			<Add option="-Wall" />
			<Add option="-fexceptions" />
		</Compiler>
		<Unit filename="include/ComPlay.h" />
		<Unit filename="include/Computer.h" />
		<Unit filename="include/ComputerBattleGame.h" />
		<Unit filename="include/Debian.h" />
		<Unit filename="include/HumPlay.h" />
		<Unit filename="include/Map.h" />
		<Unit filename="include/Math.h" />
		<Unit filename="include/Player.h" />
		<Unit filename="include/Reader.h" />
		<Unit filename="include/Shot.h" />
		<Unit filename="include/Visual.h" />
		<Unit filename="include/Win10.h" />
		<Unit filename="include/Win7.h" />
		<Unit filename="include/Win95.h" />
		<Unit filename="include/WinXp.h" />
		<Unit filename="main.cpp" />
		<Unit filename="src/ComPlay.cpp" />
		<Unit filename="src/Computer.cpp" />
		<Unit filename="src/ComputerBattleGame.cpp" />
		<Unit filename="src/Debian.cpp" />
		<Unit filename="src/HumPlay.cpp" />
		<Unit filename="src/Map.cpp" />
		<Unit filename="src/Math.cpp" />
		<Unit filename="src/Player.cpp" />
		<Unit filename="src/Reader.cpp" />
		<Unit filename="src/Shot.cpp" />
		<Unit filename="src/Visual.cpp" />
		<Unit filename="src/Win10.cpp" />
		<Unit filename="src/Win7.cpp" />
		<Unit filename="src/Win95.cpp" />
		<Unit filename="src/WinXp.cpp" />
		<Extensions>
			<code_completion />
			<envvars />
			<debugger />
			<lib_finder disable_auto="1" />
		</Extensions>
	</Project>
</CodeBlocks_project_file>
